
Microsoft Visual Studio Solution File, Format Version 12.00
# Visual Studio Version 17
VisualStudioVersion = 17.11.35303.130
MinimumVisualStudioVersion = 10.0.40219.1
Project("{9A19103F-16F7-4668-BE54-9A1E7A4F7556}") = "PlayerProject", "KretaProject\PlayerProject.csproj", "{26E3B3A9-4F82-44BC-91BA-0F5CA4476C9F}"
EndProject
Global
	GlobalSection(SolutionConfigurationPlatforms) = preSolution
		Debug|Any CPU = Debug|Any CPU
		Release|Any CPU = Release|Any CPU
	EndGlobalSection
	GlobalSection(ProjectConfigurationPlatforms) = postSolution
		{26E3B3A9-4F82-44BC-91BA-0F5CA4476C9F}.Debug|Any CPU.ActiveCfg = Debug|Any CPU
		{26E3B3A9-4F82-44BC-91BA-0F5CA4476C9F}.Debug|Any CPU.Build.0 = Debug|Any CPU
		{26E3B3A9-4F82-44BC-91BA-0F5CA4476C9F}.Release|Any CPU.ActiveCfg = Release|Any CPU
		{26E3B3A9-4F82-44BC-91BA-0F5CA4476C9F}.Release|Any CPU.Build.0 = Release|Any CPU
	EndGlobalSection
	GlobalSection(SolutionProperties) = preSolution
		HideSolutionNode = FALSE
	EndGlobalSection
	GlobalSection(ExtensibilityGlobals) = postSolution
		SolutionGuid = {33F1C0E2-ED12-4C8C-9BEF-F8404DAED8BF}
	EndGlobalSection
EndGlobal
